
Microsoft Visual Studio Solution File, Format Version 12.00
# Visual Studio Version 16
VisualStudioVersion = 16.0.29920.165
MinimumVisualStudioVersion = 10.0.40219.1
Project("{FAE04EC0-301F-11D3-BF4B-00C04F79EFBC}") = "GroupedApp", "GroupedApp.csproj", "{C24CA23B-0D40-46A5-884A-BFA8B06B9F16}"
EndProject
Global
	GlobalSection(SolutionConfigurationPlatforms) = preSolution
		Debug|Any CPU = Debug|Any CPU
		Release|Any CPU = Release|Any CPU
	EndGlobalSection
	GlobalSection(ProjectConfigurationPlatforms) = postSolution
		{C24CA23B-0D40-46A5-884A-BFA8B06B9F16}.Debug|Any CPU.ActiveCfg = Debug|Any CPU
		{C24CA23B-0D40-46A5-884A-BFA8B06B9F16}.Debug|Any CPU.Build.0 = Debug|Any CPU
		{C24CA23B-0D40-46A5-884A-BFA8B06B9F16}.Release|Any CPU.ActiveCfg = Release|Any CPU
		{C24CA23B-0D40-46A5-884A-BFA8B06B9F16}.Release|Any CPU.Build.0 = Release|Any CPU
	EndGlobalSection
	GlobalSection(SolutionProperties) = preSolution
		HideSolutionNode = FALSE
	EndGlobalSection
	GlobalSection(ExtensibilityGlobals) = postSolution
		SolutionGuid = {6CCB2641-6E14-4293-AEDC-958405D92B7A}
	EndGlobalSection
EndGlobal
